// !$*UTF8*$!
{
	archiveVersion = 1;
	classes = {
	};
	objectVersion = 77;
	objects = {

/* Begin PBXContainerItemProxy section */
		6AE0126A2CF0DEB30018D61D /* PBXContainerItemProxy */ = {
			isa = PBXContainerItemProxy;
			containerPortal = 6AE0124B2CF0DEB10018D61D /* Project object */;
			proxyType = 1;
			remoteGlobalIDString = 6AE012522CF0DEB10018D61D;
			remoteInfo = FavItemsApp;
		};
		6AE012742CF0DEB30018D61D /* PBXContainerItemProxy */ = {
			isa = PBXContainerItemProxy;
			containerPortal = 6AE0124B2CF0DEB10018D61D /* Project object */;
			proxyType = 1;
			remoteGlobalIDString = 6AE012522CF0DEB10018D61D;
			remoteInfo = FavItemsApp;
		};
/* End PBXContainerItemProxy section */

/* Begin PBXFileReference section */
		6AE012532CF0DEB10018D61D /* FavItemsApp.app */ = {isa = PBXFileReference; explicitFileType = wrapper.application; includeInIndex = 0; path = FavItemsApp.app; sourceTree = BUILT_PRODUCTS_DIR; };
		6AE012692CF0DEB30018D61D /* FavItemsAppTests.xctest */ = {isa = PBXFileReference; explicitFileType = wrapper.cfbundle; includeInIndex = 0; path = FavItemsAppTests.xctest; sourceTree = BUILT_PRODUCTS_DIR; };
		6AE012732CF0DEB30018D61D /* FavItemsAppUITests.xctest */ = {isa = PBXFileReference; explicitFileType = wrapper.cfbundle; includeInIndex = 0; path = FavItemsAppUITests.xctest; sourceTree = BUILT_PRODUCTS_DIR; };
/* End PBXFileReference section */

/* Begin PBXFileSystemSynchronizedBuildFileExceptionSet section */
		6AE0127B2CF0DEB30018D61D /* Exceptions for "FavItemsApp" folder in "FavItemsApp" target */ = {
			isa = PBXFileSystemSynchronizedBuildFileExceptionSet;
			membershipExceptions = (
				Info.plist,
			);
			target = 6AE012522CF0DEB10018D61D /* FavItemsApp */;
		};
/* End PBXFileSystemSynchronizedBuildFileExceptionSet section */

/* Begin PBXFileSystemSynchronizedRootGroup section */
		6AE012552CF0DEB10018D61D /* FavItemsApp */ = {
			isa = PBXFileSystemSynchronizedRootGroup;
			exceptions = (
				6AE0127B2CF0DEB30018D61D /* Exceptions for "FavItemsApp" folder in "FavItemsApp" target */,
			);
			path = FavItemsApp;
			sourceTree = "<group>";
		};
		6AE0126C2CF0DEB30018D61D /* FavItemsAppTests */ = {
			isa = PBXFileSystemSynchronizedRootGroup;
			path = FavItemsAppTests;
			sourceTree = "<group>";
		};
		6AE012762CF0DEB30018D61D /* FavItemsAppUITests */ = {
			isa = PBXFileSystemSynchronizedRootGroup;
			path = FavItemsAppUITests;
			sourceTree = "<group>";
		};
/* End PBXFileSystemSynchronizedRootGroup section */

/* Begin PBXFrameworksBuildPhase section */
		6AE012502CF0DEB10018D61D /* Frameworks */ = {
			isa = PBXFrameworksBuildPhase;
			buildActionMask = 2147483647;
			files = (
			);
			runOnlyForDeploymentPostprocessing = 0;
		};
		6AE012662CF0DEB30018D61D /* Frameworks */ = {
			isa = PBXFrameworksBuildPhase;
			buildActionMask = 2147483647;
			files = (
			);
			runOnlyForDeploymentPostprocessing = 0;
		};
		6AE012702CF0DEB30018D61D /* Frameworks */ = {
			isa = PBXFrameworksBuildPhase;
			buildActionMask = 2147483647;
			files = (
			);
			runOnlyForDeploymentPostprocessing = 0;
		};
/* End PBXFrameworksBuildPhase section */

/* Begin PBXGroup section */
		6AE0124A2CF0DEB10018D61D = {
			isa = PBXGroup;
			children = (
				6AE012552CF0DEB10018D61D /* FavItemsApp */,
				6AE0126C2CF0DEB30018D61D /* FavItemsAppTests */,
				6AE012762CF0DEB30018D61D /* FavItemsAppUITests */,
				6AE012542CF0DEB10018D61D /* Products */,
			);
			sourceTree = "<group>";
		};
		6AE012542CF0DEB10018D61D /* Products */ = {
			isa = PBXGroup;
			children = (
				6AE012532CF0DEB10018D61D /* FavItemsApp.app */,
				6AE012692CF0DEB30018D61D /* FavItemsAppTests.xctest */,
				6AE012732CF0DEB30018D61D /* FavItemsAppUITests.xctest */,
			);
			name = Products;
			sourceTree = "<group>";
		};
/* End PBXGroup section */

/* Begin PBXNativeTarget section */
		6AE012522CF0DEB10018D61D /* FavItemsApp */ = {
			isa = PBXNativeTarget;
			buildConfigurationList = 6AE0127C2CF0DEB30018D61D /* Build configuration list for PBXNativeTarget "FavItemsApp" */;
			buildPhases = (
				6AE0124F2CF0DEB10018D61D /* Sources */,
				6AE012502CF0DEB10018D61D /* Frameworks */,
				6AE012512CF0DEB10018D61D /* Resources */,
			);
			buildRules = (
			);
			dependencies = (
			);
			fileSystemSynchronizedGroups = (
				6AE012552CF0DEB10018D61D /* FavItemsApp */,
			);
			name = FavItemsApp;
			packageProductDependencies = (
			);
			productName = FavItemsApp;
			productReference = 6AE012532CF0DEB10018D61D /* FavItemsApp.app */;
			productType = "com.apple.product-type.application";
		};
		6AE012682CF0DEB30018D61D /* FavItemsAppTests */ = {
			isa = PBXNativeTarget;
			buildConfigurationList = 6AE012812CF0DEB30018D61D /* Build configuration list for PBXNativeTarget "FavItemsAppTests" */;
			buildPhases = (
				6AE012652CF0DEB30018D61D /* Sources */,
				6AE012662CF0DEB30018D61D /* Frameworks */,
				6AE012672CF0DEB30018D61D /* Resources */,
			);
			buildRules = (
			);
			dependencies = (
				6AE0126B2CF0DEB30018D61D /* PBXTargetDependency */,
			);
			fileSystemSynchronizedGroups = (
				6AE0126C2CF0DEB30018D61D /* FavItemsAppTests */,
			);
			name = FavItemsAppTests;
			packageProductDependencies = (
			);
			productName = FavItemsAppTests;
			productReference = 6AE012692CF0DEB30018D61D /* FavItemsAppTests.xctest */;
			productType = "com.apple.product-type.bundle.unit-test";
		};
		6AE012722CF0DEB30018D61D /* FavItemsAppUITests */ = {
			isa = PBXNativeTarget;
			buildConfigurationList = 6AE012842CF0DEB30018D61D /* Build configuration list for PBXNativeTarget "FavItemsAppUITests" */;
			buildPhases = (
				6AE0126F2CF0DEB30018D61D /* Sources */,
				6AE012702CF0DEB30018D61D /* Frameworks */,
				6AE012712CF0DEB30018D61D /* Resources */,
			);
			buildRules = (
			);
			dependencies = (
				6AE012752CF0DEB30018D61D /* PBXTargetDependency */,
			);
			fileSystemSynchronizedGroups = (
				6AE012762CF0DEB30018D61D /* FavItemsAppUITests */,
			);
			name = FavItemsAppUITests;
			packageProductDependencies = (
			);
			productName = FavItemsAppUITests;
			productReference = 6AE012732CF0DEB30018D61D /* FavItemsAppUITests.xctest */;
			productType = "com.apple.product-type.bundle.ui-testing";
		};
/* End PBXNativeTarget section */

/* Begin PBXProject section */
		6AE0124B2CF0DEB10018D61D /* Project object */ = {
			isa = PBXProject;
			attributes = {
				BuildIndependentTargetsInParallel = 1;
				LastSwiftUpdateCheck = 1600;
				LastUpgradeCheck = 1600;
				TargetAttributes = {
					6AE012522CF0DEB10018D61D = {
						CreatedOnToolsVersion = 16.0;
					};
					6AE012682CF0DEB30018D61D = {
						CreatedOnToolsVersion = 16.0;
						TestTargetID = 6AE012522CF0DEB10018D61D;
					};
					6AE012722CF0DEB30018D61D = {
						CreatedOnToolsVersion = 16.0;
						TestTargetID = 6AE012522CF0DEB10018D61D;
					};
				};
			};
			buildConfigurationList = 6AE0124E2CF0DEB10018D61D /* Build configuration list for PBXProject "FavItemsApp" */;
			developmentRegion = en;
			hasScannedForEncodings = 0;
			knownRegions = (
				en,
				Base,
			);
			mainGroup = 6AE0124A2CF0DEB10018D61D;
			minimizedProjectReferenceProxies = 1;
			preferredProjectObjectVersion = 77;
			productRefGroup = 6AE012542CF0DEB10018D61D /* Products */;
			projectDirPath = "";
			projectRoot = "";
			targets = (
				6AE012522CF0DEB10018D61D /* FavItemsApp */,
				6AE012682CF0DEB30018D61D /* FavItemsAppTests */,
				6AE012722CF0DEB30018D61D /* FavItemsAppUITests */,
			);
		};
/* End PBXProject section */

/* Begin PBXResourcesBuildPhase section */
		6AE012512CF0DEB10018D61D /* Resources */ = {
			isa = PBXResourcesBuildPhase;
			buildActionMask = 2147483647;
			files = (
			);
			runOnlyForDeploymentPostprocessing = 0;
		};
		6AE012672CF0DEB30018D61D /* Resources */ = {
			isa = PBXResourcesBuildPhase;
			buildActionMask = 2147483647;
			files = (
			);
			runOnlyForDeploymentPostprocessing = 0;
		};
		6AE012712CF0DEB30018D61D /* Resources */ = {
			isa = PBXResourcesBuildPhase;
			buildActionMask = 2147483647;
			files = (
			);
			runOnlyForDeploymentPostprocessing = 0;
		};
/* End PBXResourcesBuildPhase section */

/* Begin PBXSourcesBuildPhase section */
		6AE0124F2CF0DEB10018D61D /* Sources */ = {
			isa = PBXSourcesBuildPhase;
			buildActionMask = 2147483647;
			files = (
			);
			runOnlyForDeploymentPostprocessing = 0;
		};
		6AE012652CF0DEB30018D61D /* Sources */ = {
			isa = PBXSourcesBuildPhase;
			buildActionMask = 2147483647;
			files = (
			);
			runOnlyForDeploymentPostprocessing = 0;
		};
		6AE0126F2CF0DEB30018D61D /* Sources */ = {
			isa = PBXSourcesBuildPhase;
			buildActionMask = 2147483647;
			files = (
			);
			runOnlyForDeploymentPostprocessing = 0;
		};
/* End PBXSourcesBuildPhase section */

/* Begin PBXTargetDependency section */
		6AE0126B2CF0DEB30018D61D /* PBXTargetDependency */ = {
			isa = PBXTargetDependency;
			target = 6AE012522CF0DEB10018D61D /* FavItemsApp */;
			targetProxy = 6AE0126A2CF0DEB30018D61D /* PBXContainerItemProxy */;
		};
		6AE012752CF0DEB30018D61D /* PBXTargetDependency */ = {
			isa = PBXTargetDependency;
			target = 6AE012522CF0DEB10018D61D /* FavItemsApp */;
			targetProxy = 6AE012742CF0DEB30018D61D /* PBXContainerItemProxy */;
		};
/* End PBXTargetDependency section */

/* Begin XCBuildConfiguration section */
		6AE0127D2CF0DEB30018D61D /* Debug */ = {
			isa = XCBuildConfiguration;
			buildSettings = {
				ASSETCATALOG_COMPILER_APPICON_NAME = AppIcon;
				ASSETCATALOG_COMPILER_GLOBAL_ACCENT_COLOR_NAME = AccentColor;
				CODE_SIGN_STYLE = Automatic;
				CURRENT_PROJECT_VERSION = 1;
				GENERATE_INFOPLIST_FILE = YES;
				INFOPLIST_FILE = FavItemsApp/Info.plist;
				INFOPLIST_KEY_UIApplicationSupportsIndirectInputEvents = YES;
				INFOPLIST_KEY_UILaunchStoryboardName = LaunchScreen;
				INFOPLIST_KEY_UIMainStoryboardFile = Main;
				INFOPLIST_KEY_UISupportedInterfaceOrientations_iPad = "UIInterfaceOrientationPortrait UIInterfaceOrientationPortraitUpsideDown UIInterfaceOrientationLandscapeLeft UIInterfaceOrientationLandscapeRight";
				INFOPLIST_KEY_UISupportedInterfaceOrientations_iPhone = "UIInterfaceOrientationPortrait UIInterfaceOrientationLandscapeLeft UIInterfaceOrientationLandscapeRight";
				LD_RUNPATH_SEARCH_PATHS = (
					"$(inherited)",
					"@executable_path/Frameworks",
				);
				MARKETING_VERSION = 1.0;
				PRODUCT_BUNDLE_IDENTIFIER = com.lyazzat.dice.FavItemsApp;
				PRODUCT_NAME = "$(TARGET_NAME)";
				SWIFT_EMIT_LOC_STRINGS = YES;
				SWIFT_VERSION = 5.0;
				TARGETED_DEVICE_FAMILY = "1,2";
			};
			name = Debug;
		};
		6AE0127E2CF0DEB30018D61D /* Release */ = {
			isa = XCBuildConfiguration;
			buildSettings = {
				ASSETCATALOG_COMPILER_APPICON_NAME = AppIcon;
				ASSETCATALOG_COMPILER_GLOBAL_ACCENT_COLOR_NAME = AccentColor;
				CODE_SIGN_STYLE = Automatic;
				CURRENT_PROJECT_VERSION = 1;
				GENERATE_INFOPLIST_FILE = YES;
				INFOPLIST_FILE = FavItemsApp/Info.plist;
				INFOPLIST_KEY_UIApplicationSupportsIndirectInputEvents = YES;
				INFOPLIST_KEY_UILaunchStoryboardName = LaunchScreen;
				INFOPLIST_KEY_UIMainStoryboardFile = Main;
				INFOPLIST_KEY_UISupportedInterfaceOrientations_iPad = "UIInterfaceOrientationPortrait UIInterfaceOrientationPortraitUpsideDown UIInterfaceOrientationLandscapeLeft UIInterfaceOrientationLandscapeRight";
				INFOPLIST_KEY_UISupportedInterfaceOrientations_iPhone = "UIInterfaceOrientationPortrait UIInterfaceOrientationLandscapeLeft UIInterfaceOrientationLandscapeRight";
				LD_RUNPATH_SEARCH_PATHS = (
					"$(inherited)",
					"@executable_path/Frameworks",
				);
				MARKETING_VERSION = 1.0;
				PRODUCT_BUNDLE_IDENTIFIER = com.lyazzat.dice.FavItemsApp;
				PRODUCT_NAME = "$(TARGET_NAME)";
				SWIFT_EMIT_LOC_STRINGS = YES;
				SWIFT_VERSION = 5.0;
				TARGETED_DEVICE_FAMILY = "1,2";
			};
			name = Release;
		};
		6AE0127F2CF0DEB30018D61D /* Debug */ = {
			isa = XCBuildConfiguration;
			buildSettings = {
				ALWAYS_SEARCH_USER_PATHS = NO;
				ASSETCATALOG_COMPILER_GENERATE_SWIFT_ASSET_SYMBOL_EXTENSIONS = YES;
				CLANG_ANALYZER_NONNULL = YES;
				CLANG_ANALYZER_NUMBER_OBJECT_CONVERSION = YES_AGGRESSIVE;
				CLANG_CXX_LANGUAGE_STANDARD = "gnu++20";
				CLANG_ENABLE_MODULES = YES;
				CLANG_ENABLE_OBJC_ARC = YES;
				CLANG_ENABLE_OBJC_WEAK = YES;
				CLANG_WARN_BLOCK_CAPTURE_AUTORELEASING = YES;
				CLANG_WARN_BOOL_CONVERSION = YES;
				CLANG_WARN_COMMA = YES;
				CLANG_WARN_CONSTANT_CONVERSION = YES;
				CLANG_WARN_DEPRECATED_OBJC_IMPLEMENTATIONS = YES;
				CLANG_WARN_DIRECT_OBJC_ISA_USAGE = YES_ERROR;
				CLANG_WARN_DOCUMENTATION_COMMENTS = YES;
				CLANG_WARN_EMPTY_BODY = YES;
				CLANG_WARN_ENUM_CONVERSION = YES;
				CLANG_WARN_INFINITE_RECURSION = YES;
				CLANG_WARN_INT_CONVERSION = YES;
				CLANG_WARN_NON_LITERAL_NULL_CONVERSION = YES;
				CLANG_WARN_OBJC_IMPLICIT_RETAIN_SELF = YES;
				CLANG_WARN_OBJC_LITERAL_CONVERSION = YES;
				CLANG_WARN_OBJC_ROOT_CLASS = YES_ERROR;
				CLANG_WARN_QUOTED_INCLUDE_IN_FRAMEWORK_HEADER = YES;
				CLANG_WARN_RANGE_LOOP_ANALYSIS = YES;
				CLANG_WARN_STRICT_PROTOTYPES = YES;
				CLANG_WARN_SUSPICIOUS_MOVE = YES;
				CLANG_WARN_UNGUARDED_AVAILABILITY = YES_AGGRESSIVE;
				CLANG_WARN_UNREACHABLE_CODE = YES;
				CLANG_WARN__DUPLICATE_METHOD_MATCH = YES;
				COPY_PHASE_STRIP = NO;
				DEBUG_INFORMATION_FORMAT = dwarf;
				ENABLE_STRICT_OBJC_MSGSEND = YES;
				ENABLE_TESTABILITY = YES;
				ENABLE_USER_SCRIPT_SANDBOXING = YES;
				GCC_C_LANGUAGE_STANDARD = gnu17;
				GCC_DYNAMIC_NO_PIC = NO;
				GCC_NO_COMMON_BLOCKS = YES;
				GCC_OPTIMIZATION_LEVEL = 0;
				GCC_PREPROCESSOR_DEFINITIONS = (
					"DEBUG=1",
					"$(inherited)",
				);
				GCC_WARN_64_TO_32_BIT_CONVERSION = YES;
				GCC_WARN_ABOUT_RETURN_TYPE = YES_ERROR;
				GCC_WARN_UNDECLARED_SELECTOR = YES;
				GCC_WARN_UNINITIALIZED_AUTOS = YES_AGGRESSIVE;
				GCC_WARN_UNUSED_FUNCTION = YES;
				GCC_WARN_UNUSED_VARIABLE = YES;
				IPHONEOS_DEPLOYMENT_TARGET = 18.0;
				LOCALIZATION_PREFERS_STRING_CATALOGS = YES;
				MTL_ENABLE_DEBUG_INFO = INCLUDE_SOURCE;
				MTL_FAST_MATH = YES;
				ONLY_ACTIVE_ARCH = YES;
				SDKROOT = iphoneos;
				SWIFT_ACTIVE_COMPILATION_CONDITIONS = "DEBUG $(inherited)";
				SWIFT_OPTIMIZATION_LEVEL = "-Onone";
			};
			name = Debug;
		};
		6AE012802CF0DEB30018D61D /* Release */ = {
			isa = XCBuildConfiguration;
			buildSettings = {
				ALWAYS_SEARCH_USER_PATHS = NO;
				ASSETCATALOG_COMPILER_GENERATE_SWIFT_ASSET_SYMBOL_EXTENSIONS = YES;
				CLANG_ANALYZER_NONNULL = YES;
				CLANG_ANALYZER_NUMBER_OBJECT_CONVERSION = YES_AGGRESSIVE;
				CLANG_CXX_LANGUAGE_STANDARD = "gnu++20";
				CLANG_ENABLE_MODULES = YES;
				CLANG_ENABLE_OBJC_ARC = YES;
				CLANG_ENABLE_OBJC_WEAK = YES;
				CLANG_WARN_BLOCK_CAPTURE_AUTORELEASING = YES;
				CLANG_WARN_BOOL_CONVERSION = YES;
				CLANG_WARN_COMMA = YES;
				CLANG_WARN_CONSTANT_CONVERSION = YES;
				CLANG_WARN_DEPRECATED_OBJC_IMPLEMENTATIONS = YES;
				CLANG_WARN_DIRECT_OBJC_ISA_USAGE = YES_ERROR;
				CLANG_WARN_DOCUMENTATION_COMMENTS = YES;
				CLANG_WARN_EMPTY_BODY = YES;
				CLANG_WARN_ENUM_CONVERSION = YES;
				CLANG_WARN_INFINITE_RECURSION = YES;
				CLANG_WARN_INT_CONVERSION = YES;
				CLANG_WARN_NON_LITERAL_NULL_CONVERSION = YES;
				CLANG_WARN_OBJC_IMPLICIT_RETAIN_SELF = YES;
				CLANG_WARN_OBJC_LITERAL_CONVERSION = YES;
				CLANG_WARN_OBJC_ROOT_CLASS = YES_ERROR;
				CLANG_WARN_QUOTED_INCLUDE_IN_FRAMEWORK_HEADER = YES;
				CLANG_WARN_RANGE_LOOP_ANALYSIS = YES;
				CLANG_WARN_STRICT_PROTOTYPES = YES;
				CLANG_WARN_SUSPICIOUS_MOVE = YES;
				CLANG_WARN_UNGUARDED_AVAILABILITY = YES_AGGRESSIVE;
				CLANG_WARN_UNREACHABLE_CODE = YES;
				CLANG_WARN__DUPLICATE_METHOD_MATCH = YES;
				COPY_PHASE_STRIP = NO;
				DEBUG_INFORMATION_FORMAT = "dwarf-with-dsym";
				ENABLE_NS_ASSERTIONS = NO;
				ENABLE_STRICT_OBJC_MSGSEND = YES;
				ENABLE_USER_SCRIPT_SANDBOXING = YES;
				GCC_C_LANGUAGE_STANDARD = gnu17;
				GCC_NO_COMMON_BLOCKS = YES;
				GCC_WARN_64_TO_32_BIT_CONVERSION = YES;
				GCC_WARN_ABOUT_RETURN_TYPE = YES_ERROR;
				GCC_WARN_UNDECLARED_SELECTOR = YES;
				GCC_WARN_UNINITIALIZED_AUTOS = YES_AGGRESSIVE;
				GCC_WARN_UNUSED_FUNCTION = YES;
				GCC_WARN_UNUSED_VARIABLE = YES;
				IPHONEOS_DEPLOYMENT_TARGET = 18.0;
				LOCALIZATION_PREFERS_STRING_CATALOGS = YES;
				MTL_ENABLE_DEBUG_INFO = NO;
				MTL_FAST_MATH = YES;
				SDKROOT = iphoneos;
				SWIFT_COMPILATION_MODE = wholemodule;
				VALIDATE_PRODUCT = YES;
			};
			name = Release;
		};
		6AE012822CF0DEB30018D61D /* Debug */ = {
			isa = XCBuildConfiguration;
			buildSettings = {
				BUNDLE_LOADER = "$(TEST_HOST)";
				CODE_SIGN_STYLE = Automatic;
				CURRENT_PROJECT_VERSION = 1;
				GENERATE_INFOPLIST_FILE = YES;
				IPHONEOS_DEPLOYMENT_TARGET = 18.0;
				MARKETING_VERSION = 1.0;
				PRODUCT_BUNDLE_IDENTIFIER = com.lyazzat.dice.FavItemsAppTests;
				PRODUCT_NAME = "$(TARGET_NAME)";
				SWIFT_EMIT_LOC_STRINGS = NO;
				SWIFT_VERSION = 5.0;
				TARGETED_DEVICE_FAMILY = "1,2";
				TEST_HOST = "$(BUILT_PRODUCTS_DIR)/FavItemsApp.app/$(BUNDLE_EXECUTABLE_FOLDER_PATH)/FavItemsApp";
			};
			name = Debug;
		};
		6AE012832CF0DEB30018D61D /* Release */ = {
			isa = XCBuildConfiguration;
			buildSettings = {
				BUNDLE_LOADER = "$(TEST_HOST)";
				CODE_SIGN_STYLE = Automatic;
				CURRENT_PROJECT_VERSION = 1;
				GENERATE_INFOPLIST_FILE = YES;
				IPHONEOS_DEPLOYMENT_TARGET = 18.0;
				MARKETING_VERSION = 1.0;
				PRODUCT_BUNDLE_IDENTIFIER = com.lyazzat.dice.FavItemsAppTests;
				PRODUCT_NAME = "$(TARGET_NAME)";
				SWIFT_EMIT_LOC_STRINGS = NO;
				SWIFT_VERSION = 5.0;
				TARGETED_DEVICE_FAMILY = "1,2";
				TEST_HOST = "$(BUILT_PRODUCTS_DIR)/FavItemsApp.app/$(BUNDLE_EXECUTABLE_FOLDER_PATH)/FavItemsApp";
			};
			name = Release;
		};
		6AE012852CF0DEB30018D61D /* Debug */ = {
			isa = XCBuildConfiguration;
			buildSettings = {
				CODE_SIGN_STYLE = Automatic;
				CURRENT_PROJECT_VERSION = 1;
				GENERATE_INFOPLIST_FILE = YES;
				MARKETING_VERSION = 1.0;
				PRODUCT_BUNDLE_IDENTIFIER = com.lyazzat.dice.FavItemsAppUITests;
				PRODUCT_NAME = "$(TARGET_NAME)";
				SWIFT_EMIT_LOC_STRINGS = NO;
				SWIFT_VERSION = 5.0;
				TARGETED_DEVICE_FAMILY = "1,2";
				TEST_TARGET_NAME = FavItemsApp;
			};
			name = Debug;
		};
		6AE012862CF0DEB30018D61D /* Release */ = {
			isa = XCBuildConfiguration;
			buildSettings = {
				CODE_SIGN_STYLE = Automatic;
				CURRENT_PROJECT_VERSION = 1;
				GENERATE_INFOPLIST_FILE = YES;
				MARKETING_VERSION = 1.0;
				PRODUCT_BUNDLE_IDENTIFIER = com.lyazzat.dice.FavItemsAppUITests;
				PRODUCT_NAME = "$(TARGET_NAME)";
				SWIFT_EMIT_LOC_STRINGS = NO;
				SWIFT_VERSION = 5.0;
				TARGETED_DEVICE_FAMILY = "1,2";
				TEST_TARGET_NAME = FavItemsApp;
			};
			name = Release;
		};
/* End XCBuildConfiguration section */

/* Begin XCConfigurationList section */
		6AE0124E2CF0DEB10018D61D /* Build configuration list for PBXProject "FavItemsApp" */ = {
			isa = XCConfigurationList;
			buildConfigurations = (
				6AE0127F2CF0DEB30018D61D /* Debug */,
				6AE012802CF0DEB30018D61D /* Release */,
			);
			defaultConfigurationIsVisible = 0;
			defaultConfigurationName = Release;
		};
		6AE0127C2CF0DEB30018D61D /* Build configuration list for PBXNativeTarget "FavItemsApp" */ = {
			isa = XCConfigurationList;
			buildConfigurations = (
				6AE0127D2CF0DEB30018D61D /* Debug */,
				6AE0127E2CF0DEB30018D61D /* Release */,
			);
			defaultConfigurationIsVisible = 0;
			defaultConfigurationName = Release;
		};
		6AE012812CF0DEB30018D61D /* Build configuration list for PBXNativeTarget "FavItemsAppTests" */ = {
			isa = XCConfigurationList;
			buildConfigurations = (
				6AE012822CF0DEB30018D61D /* Debug */,
				6AE012832CF0DEB30018D61D /* Release */,
			);
			defaultConfigurationIsVisible = 0;
			defaultConfigurationName = Release;
		};
		6AE012842CF0DEB30018D61D /* Build configuration list for PBXNativeTarget "FavItemsAppUITests" */ = {
			isa = XCConfigurationList;
			buildConfigurations = (
				6AE012852CF0DEB30018D61D /* Debug */,
				6AE012862CF0DEB30018D61D /* Release */,
			);
			defaultConfigurationIsVisible = 0;
			defaultConfigurationName = Release;
		};
/* End XCConfigurationList section */
	};
	rootObject = 6AE0124B2CF0DEB10018D61D /* Project object */;
}
